// !$*UTF8*$!
{
	archiveVersion = 1;
	classes = {
	};
	objectVersion = 56;
	objects = {

/* Begin PBXBuildFile section */
		4B2D0D532A3B7874006126AA /* SearchTableViewCell.swift in Sources */ = {isa = PBXBuildFile; fileRef = 4B2D0D522A3B7874006126AA /* SearchTableViewCell.swift */; };
		4B2D0D552A3B788B006126AA /* SearchBottomSheet.swift in Sources */ = {isa = PBXBuildFile; fileRef = 4B2D0D542A3B788B006126AA /* SearchBottomSheet.swift */; };
		4B2D0D572A3B78AB006126AA /* SearchViewController.swift in Sources */ = {isa = PBXBuildFile; fileRef = 4B2D0D562A3B78AB006126AA /* SearchViewController.swift */; };
		4B2D0D592A3B7A35006126AA /* SearchTableViewManager.swift in Sources */ = {isa = PBXBuildFile; fileRef = 4B2D0D582A3B7A35006126AA /* SearchTableViewManager.swift */; };
		4B2D0D5B2A3BD5B7006126AA /* LoadPlaces.swift in Sources */ = {isa = PBXBuildFile; fileRef = 4B2D0D5A2A3BD5B7006126AA /* LoadPlaces.swift */; };
		4B2D0D5D2A3BE0C2006126AA /* NotificationNames.swift in Sources */ = {isa = PBXBuildFile; fileRef = 4B2D0D5C2A3BE0C2006126AA /* NotificationNames.swift */; };
		4BC2C52B2A3A020200CC6D67 /* AppDelegate.swift in Sources */ = {isa = PBXBuildFile; fileRef = 4BC2C52A2A3A020200CC6D67 /* AppDelegate.swift */; };
		4BC2C52D2A3A020200CC6D67 /* SceneDelegate.swift in Sources */ = {isa = PBXBuildFile; fileRef = 4BC2C52C2A3A020200CC6D67 /* SceneDelegate.swift */; };
		4BC2C52F2A3A020200CC6D67 /* ViewController.swift in Sources */ = {isa = PBXBuildFile; fileRef = 4BC2C52E2A3A020200CC6D67 /* ViewController.swift */; };
		4BC2C5322A3A020200CC6D67 /* Main.storyboard in Resources */ = {isa = PBXBuildFile; fileRef = 4BC2C5302A3A020200CC6D67 /* Main.storyboard */; };
		4BC2C5342A3A020300CC6D67 /* Assets.xcassets in Resources */ = {isa = PBXBuildFile; fileRef = 4BC2C5332A3A020300CC6D67 /* Assets.xcassets */; };
		4BC2C5372A3A020300CC6D67 /* LaunchScreen.storyboard in Resources */ = {isa = PBXBuildFile; fileRef = 4BC2C5352A3A020300CC6D67 /* LaunchScreen.storyboard */; };
		4BC2C5412A3A0BCD00CC6D67 /* MapView.swift in Sources */ = {isa = PBXBuildFile; fileRef = 4BC2C5402A3A0BCD00CC6D67 /* MapView.swift */; };
		4BC2C5432A3A185F00CC6D67 /* LocationManager.swift in Sources */ = {isa = PBXBuildFile; fileRef = 4BC2C5422A3A185F00CC6D67 /* LocationManager.swift */; };
		4BC2C5492A3A79EA00CC6D67 /* MapAnnotationDelegate.swift in Sources */ = {isa = PBXBuildFile; fileRef = 4BC2C5482A3A79EA00CC6D67 /* MapAnnotationDelegate.swift */; };
		4BC2C54B2A3A7A2600CC6D67 /* Place.swift in Sources */ = {isa = PBXBuildFile; fileRef = 4BC2C54A2A3A7A2600CC6D67 /* Place.swift */; };
		4BC2C54D2A3A7B1600CC6D67 /* Configs.swift in Sources */ = {isa = PBXBuildFile; fileRef = 4BC2C54C2A3A7B1600CC6D67 /* Configs.swift */; };
/* End PBXBuildFile section */

/* Begin PBXFileReference section */
		4B2D0D522A3B7874006126AA /* SearchTableViewCell.swift */ = {isa = PBXFileReference; lastKnownFileType = sourcecode.swift; path = SearchTableViewCell.swift; sourceTree = "<group>"; };
		4B2D0D542A3B788B006126AA /* SearchBottomSheet.swift */ = {isa = PBXFileReference; lastKnownFileType = sourcecode.swift; path = SearchBottomSheet.swift; sourceTree = "<group>"; };
		4B2D0D562A3B78AB006126AA /* SearchViewController.swift */ = {isa = PBXFileReference; lastKnownFileType = sourcecode.swift; path = SearchViewController.swift; sourceTree = "<group>"; };
		4B2D0D582A3B7A35006126AA /* SearchTableViewManager.swift */ = {isa = PBXFileReference; lastKnownFileType = sourcecode.swift; path = SearchTableViewManager.swift; sourceTree = "<group>"; };
		4B2D0D5A2A3BD5B7006126AA /* LoadPlaces.swift */ = {isa = PBXFileReference; lastKnownFileType = sourcecode.swift; path = LoadPlaces.swift; sourceTree = "<group>"; };
		4B2D0D5C2A3BE0C2006126AA /* NotificationNames.swift */ = {isa = PBXFileReference; lastKnownFileType = sourcecode.swift; path = NotificationNames.swift; sourceTree = "<group>"; };
		4BC2C5272A3A020200CC6D67 /* App14.app */ = {isa = PBXFileReference; explicitFileType = wrapper.application; includeInIndex = 0; path = App14.app; sourceTree = BUILT_PRODUCTS_DIR; };
		4BC2C52A2A3A020200CC6D67 /* AppDelegate.swift */ = {isa = PBXFileReference; lastKnownFileType = sourcecode.swift; path = AppDelegate.swift; sourceTree = "<group>"; };
		4BC2C52C2A3A020200CC6D67 /* SceneDelegate.swift */ = {isa = PBXFileReference; lastKnownFileType = sourcecode.swift; path = SceneDelegate.swift; sourceTree = "<group>"; };
		4BC2C52E2A3A020200CC6D67 /* ViewController.swift */ = {isa = PBXFileReference; lastKnownFileType = sourcecode.swift; path = ViewController.swift; sourceTree = "<group>"; };
		4BC2C5312A3A020200CC6D67 /* Base */ = {isa = PBXFileReference; lastKnownFileType = file.storyboard; name = Base; path = Base.lproj/Main.storyboard; sourceTree = "<group>"; };
		4BC2C5332A3A020300CC6D67 /* Assets.xcassets */ = {isa = PBXFileReference; lastKnownFileType = folder.assetcatalog; path = Assets.xcassets; sourceTree = "<group>"; };
		4BC2C5362A3A020300CC6D67 /* Base */ = {isa = PBXFileReference; lastKnownFileType = file.storyboard; name = Base; path = Base.lproj/LaunchScreen.storyboard; sourceTree = "<group>"; };
		4BC2C5382A3A020300CC6D67 /* Info.plist */ = {isa = PBXFileReference; lastKnownFileType = text.plist.xml; path = Info.plist; sourceTree = "<group>"; };
		4BC2C5402A3A0BCD00CC6D67 /* MapView.swift */ = {isa = PBXFileReference; lastKnownFileType = sourcecode.swift; path = MapView.swift; sourceTree = "<group>"; };
		4BC2C5422A3A185F00CC6D67 /* LocationManager.swift */ = {isa = PBXFileReference; lastKnownFileType = sourcecode.swift; path = LocationManager.swift; sourceTree = "<group>"; };
		4BC2C5482A3A79EA00CC6D67 /* MapAnnotationDelegate.swift */ = {isa = PBXFileReference; lastKnownFileType = sourcecode.swift; path = MapAnnotationDelegate.swift; sourceTree = "<group>"; };
		4BC2C54A2A3A7A2600CC6D67 /* Place.swift */ = {isa = PBXFileReference; lastKnownFileType = sourcecode.swift; path = Place.swift; sourceTree = "<group>"; };
		4BC2C54C2A3A7B1600CC6D67 /* Configs.swift */ = {isa = PBXFileReference; lastKnownFileType = sourcecode.swift; path = Configs.swift; sourceTree = "<group>"; };
/* End PBXFileReference section */

/* Begin PBXFrameworksBuildPhase section */
		4BC2C5242A3A020200CC6D67 /* Frameworks */ = {
			isa = PBXFrameworksBuildPhase;
			buildActionMask = 2147483647;
			files = (
			);
			runOnlyForDeploymentPostprocessing = 0;
		};
/* End PBXFrameworksBuildPhase section */

/* Begin PBXGroup section */
		4B2D0D502A3B7832006126AA /* Place Search Bottom Sheet */ = {
			isa = PBXGroup;
			children = (
				4B2D0D512A3B7855006126AA /* Views */,
				4B2D0D562A3B78AB006126AA /* SearchViewController.swift */,
				4B2D0D582A3B7A35006126AA /* SearchTableViewManager.swift */,
			);
			path = "Place Search Bottom Sheet";
			sourceTree = "<group>";
		};
		4B2D0D512A3B7855006126AA /* Views */ = {
			isa = PBXGroup;
			children = (
				4B2D0D522A3B7874006126AA /* SearchTableViewCell.swift */,
				4B2D0D542A3B788B006126AA /* SearchBottomSheet.swift */,
			);
			path = Views;
			sourceTree = "<group>";
		};
		4BC2C51E2A3A020200CC6D67 = {
			isa = PBXGroup;
			children = (
				4BC2C5292A3A020200CC6D67 /* App14 */,
				4BC2C5282A3A020200CC6D67 /* Products */,
			);
			sourceTree = "<group>";
		};
		4BC2C5282A3A020200CC6D67 /* Products */ = {
			isa = PBXGroup;
			children = (
				4BC2C5272A3A020200CC6D67 /* App14.app */,
			);
			name = Products;
			sourceTree = "<group>";
		};
		4BC2C5292A3A020200CC6D67 /* App14 */ = {
			isa = PBXGroup;
			children = (
				4BC2C54C2A3A7B1600CC6D67 /* Configs.swift */,
				4B2D0D5C2A3BE0C2006126AA /* NotificationNames.swift */,
				4B2D0D502A3B7832006126AA /* Place Search Bottom Sheet */,
				4BC2C53E2A3A0B8E00CC6D67 /* Map Screen */,
				4BC2C52A2A3A020200CC6D67 /* AppDelegate.swift */,
				4BC2C52C2A3A020200CC6D67 /* SceneDelegate.swift */,
				4BC2C5302A3A020200CC6D67 /* Main.storyboard */,
				4BC2C5332A3A020300CC6D67 /* Assets.xcassets */,
				4BC2C5352A3A020300CC6D67 /* LaunchScreen.storyboard */,
				4BC2C5382A3A020300CC6D67 /* Info.plist */,
			);
			path = App14;
			sourceTree = "<group>";
		};
		4BC2C53E2A3A0B8E00CC6D67 /* Map Screen */ = {
			isa = PBXGroup;
			children = (
				4BC2C54A2A3A7A2600CC6D67 /* Place.swift */,
				4BC2C53F2A3A0BAF00CC6D67 /* Views */,
				4BC2C52E2A3A020200CC6D67 /* ViewController.swift */,
				4BC2C5422A3A185F00CC6D67 /* LocationManager.swift */,
				4BC2C5482A3A79EA00CC6D67 /* MapAnnotationDelegate.swift */,
				4B2D0D5A2A3BD5B7006126AA /* LoadPlaces.swift */,
			);
			path = "Map Screen";
			sourceTree = "<group>";
		};
		4BC2C53F2A3A0BAF00CC6D67 /* Views */ = {
			isa = PBXGroup;
			children = (
				4BC2C5402A3A0BCD00CC6D67 /* MapView.swift */,
			);
			path = Views;
			sourceTree = "<group>";
		};
/* End PBXGroup section */

/* Begin PBXNativeTarget section */
		4BC2C5262A3A020200CC6D67 /* App14 */ = {
			isa = PBXNativeTarget;
			buildConfigurationList = 4BC2C53B2A3A020300CC6D67 /* Build configuration list for PBXNativeTarget "App14" */;
			buildPhases = (
				4BC2C5232A3A020200CC6D67 /* Sources */,
				4BC2C5242A3A020200CC6D67 /* Frameworks */,
				4BC2C5252A3A020200CC6D67 /* Resources */,
			);
			buildRules = (
			);
			dependencies = (
			);
			name = App14;
			productName = App14;
			productReference = 4BC2C5272A3A020200CC6D67 /* App14.app */;
			productType = "com.apple.product-type.application";
		};
/* End PBXNativeTarget section */

/* Begin PBXProject section */
		4BC2C51F2A3A020200CC6D67 /* Project object */ = {
			isa = PBXProject;
			attributes = {
				BuildIndependentTargetsInParallel = 1;
				LastSwiftUpdateCheck = 1430;
				LastUpgradeCheck = 1430;
				TargetAttributes = {
					4BC2C5262A3A020200CC6D67 = {
						CreatedOnToolsVersion = 14.3.1;
					};
				};
			};
			buildConfigurationList = 4BC2C5222A3A020200CC6D67 /* Build configuration list for PBXProject "App14" */;
			compatibilityVersion = "Xcode 14.0";
			developmentRegion = en;
			hasScannedForEncodings = 0;
			knownRegions = (
				en,
				Base,
			);
			mainGroup = 4BC2C51E2A3A020200CC6D67;
			productRefGroup = 4BC2C5282A3A020200CC6D67 /* Products */;
			projectDirPath = "";
			projectRoot = "";
			targets = (
				4BC2C5262A3A020200CC6D67 /* App14 */,
			);
		};
/* End PBXProject section */

/* Begin PBXResourcesBuildPhase section */
		4BC2C5252A3A020200CC6D67 /* Resources */ = {
			isa = PBXResourcesBuildPhase;
			buildActionMask = 2147483647;
			files = (
				4BC2C5372A3A020300CC6D67 /* LaunchScreen.storyboard in Resources */,
				4BC2C5342A3A020300CC6D67 /* Assets.xcassets in Resources */,
				4BC2C5322A3A020200CC6D67 /* Main.storyboard in Resources */,
			);
			runOnlyForDeploymentPostprocessing = 0;
		};
/* End PBXResourcesBuildPhase section */

/* Begin PBXSourcesBuildPhase section */
		4BC2C5232A3A020200CC6D67 /* Sources */ = {
			isa = PBXSourcesBuildPhase;
			buildActionMask = 2147483647;
			files = (
				4B2D0D532A3B7874006126AA /* SearchTableViewCell.swift in Sources */,
				4B2D0D572A3B78AB006126AA /* SearchViewController.swift in Sources */,
				4BC2C52F2A3A020200CC6D67 /* ViewController.swift in Sources */,
				4BC2C54D2A3A7B1600CC6D67 /* Configs.swift in Sources */,
				4BC2C5412A3A0BCD00CC6D67 /* MapView.swift in Sources */,
				4BC2C5432A3A185F00CC6D67 /* LocationManager.swift in Sources */,
				4BC2C52B2A3A020200CC6D67 /* AppDelegate.swift in Sources */,
				4BC2C5492A3A79EA00CC6D67 /* MapAnnotationDelegate.swift in Sources */,
				4BC2C54B2A3A7A2600CC6D67 /* Place.swift in Sources */,
				4B2D0D552A3B788B006126AA /* SearchBottomSheet.swift in Sources */,
				4BC2C52D2A3A020200CC6D67 /* SceneDelegate.swift in Sources */,
				4B2D0D5D2A3BE0C2006126AA /* NotificationNames.swift in Sources */,
				4B2D0D5B2A3BD5B7006126AA /* LoadPlaces.swift in Sources */,
				4B2D0D592A3B7A35006126AA /* SearchTableViewManager.swift in Sources */,
			);
			runOnlyForDeploymentPostprocessing = 0;
		};
/* End PBXSourcesBuildPhase section */

/* Begin PBXVariantGroup section */
		4BC2C5302A3A020200CC6D67 /* Main.storyboard */ = {
			isa = PBXVariantGroup;
			children = (
				4BC2C5312A3A020200CC6D67 /* Base */,
			);
			name = Main.storyboard;
			sourceTree = "<group>";
		};
		4BC2C5352A3A020300CC6D67 /* LaunchScreen.storyboard */ = {
			isa = PBXVariantGroup;
			children = (
				4BC2C5362A3A020300CC6D67 /* Base */,
			);
			name = LaunchScreen.storyboard;
			sourceTree = "<group>";
		};
/* End PBXVariantGroup section */

/* Begin XCBuildConfiguration section */
		4BC2C5392A3A020300CC6D67 /* Debug */ = {
			isa = XCBuildConfiguration;
			buildSettings = {
				ALWAYS_SEARCH_USER_PATHS = NO;
				CLANG_ANALYZER_NONNULL = YES;
				CLANG_ANALYZER_NUMBER_OBJECT_CONVERSION = YES_AGGRESSIVE;
				CLANG_CXX_LANGUAGE_STANDARD = "gnu++20";
				CLANG_ENABLE_MODULES = YES;
				CLANG_ENABLE_OBJC_ARC = YES;
				CLANG_ENABLE_OBJC_WEAK = YES;
				CLANG_WARN_BLOCK_CAPTURE_AUTORELEASING = YES;
				CLANG_WARN_BOOL_CONVERSION = YES;
				CLANG_WARN_COMMA = YES;
				CLANG_WARN_CONSTANT_CONVERSION = YES;
				CLANG_WARN_DEPRECATED_OBJC_IMPLEMENTATIONS = YES;
				CLANG_WARN_DIRECT_OBJC_ISA_USAGE = YES_ERROR;
				CLANG_WARN_DOCUMENTATION_COMMENTS = YES;
				CLANG_WARN_EMPTY_BODY = YES;
				CLANG_WARN_ENUM_CONVERSION = YES;
				CLANG_WARN_INFINITE_RECURSION = YES;
				CLANG_WARN_INT_CONVERSION = YES;
				CLANG_WARN_NON_LITERAL_NULL_CONVERSION = YES;
				CLANG_WARN_OBJC_IMPLICIT_RETAIN_SELF = YES;
				CLANG_WARN_OBJC_LITERAL_CONVERSION = YES;
				CLANG_WARN_OBJC_ROOT_CLASS = YES_ERROR;
				CLANG_WARN_QUOTED_INCLUDE_IN_FRAMEWORK_HEADER = YES;
				CLANG_WARN_RANGE_LOOP_ANALYSIS = YES;
				CLANG_WARN_STRICT_PROTOTYPES = YES;
				CLANG_WARN_SUSPICIOUS_MOVE = YES;
				CLANG_WARN_UNGUARDED_AVAILABILITY = YES_AGGRESSIVE;
				CLANG_WARN_UNREACHABLE_CODE = YES;
				CLANG_WARN__DUPLICATE_METHOD_MATCH = YES;
				COPY_PHASE_STRIP = NO;
				DEBUG_INFORMATION_FORMAT = dwarf;
				ENABLE_STRICT_OBJC_MSGSEND = YES;
				ENABLE_TESTABILITY = YES;
				GCC_C_LANGUAGE_STANDARD = gnu11;
				GCC_DYNAMIC_NO_PIC = NO;
				GCC_NO_COMMON_BLOCKS = YES;
				GCC_OPTIMIZATION_LEVEL = 0;
				GCC_PREPROCESSOR_DEFINITIONS = (
					"DEBUG=1",
					"$(inherited)",
				);
				GCC_WARN_64_TO_32_BIT_CONVERSION = YES;
				GCC_WARN_ABOUT_RETURN_TYPE = YES_ERROR;
				GCC_WARN_UNDECLARED_SELECTOR = YES;
				GCC_WARN_UNINITIALIZED_AUTOS = YES_AGGRESSIVE;
				GCC_WARN_UNUSED_FUNCTION = YES;
				GCC_WARN_UNUSED_VARIABLE = YES;
				IPHONEOS_DEPLOYMENT_TARGET = 16.4;
				MTL_ENABLE_DEBUG_INFO = INCLUDE_SOURCE;
				MTL_FAST_MATH = YES;
				ONLY_ACTIVE_ARCH = YES;
				SDKROOT = iphoneos;
				SWIFT_ACTIVE_COMPILATION_CONDITIONS = DEBUG;
				SWIFT_OPTIMIZATION_LEVEL = "-Onone";
			};
			name = Debug;
		};
		4BC2C53A2A3A020300CC6D67 /* Release */ = {
			isa = XCBuildConfiguration;
			buildSettings = {
				ALWAYS_SEARCH_USER_PATHS = NO;
				CLANG_ANALYZER_NONNULL = YES;
				CLANG_ANALYZER_NUMBER_OBJECT_CONVERSION = YES_AGGRESSIVE;
				CLANG_CXX_LANGUAGE_STANDARD = "gnu++20";
				CLANG_ENABLE_MODULES = YES;
				CLANG_ENABLE_OBJC_ARC = YES;
				CLANG_ENABLE_OBJC_WEAK = YES;
				CLANG_WARN_BLOCK_CAPTURE_AUTORELEASING = YES;
				CLANG_WARN_BOOL_CONVERSION = YES;
				CLANG_WARN_COMMA = YES;
				CLANG_WARN_CONSTANT_CONVERSION = YES;
				CLANG_WARN_DEPRECATED_OBJC_IMPLEMENTATIONS = YES;
				CLANG_WARN_DIRECT_OBJC_ISA_USAGE = YES_ERROR;
				CLANG_WARN_DOCUMENTATION_COMMENTS = YES;
				CLANG_WARN_EMPTY_BODY = YES;
				CLANG_WARN_ENUM_CONVERSION = YES;
				CLANG_WARN_INFINITE_RECURSION = YES;
				CLANG_WARN_INT_CONVERSION = YES;
				CLANG_WARN_NON_LITERAL_NULL_CONVERSION = YES;
				CLANG_WARN_OBJC_IMPLICIT_RETAIN_SELF = YES;
				CLANG_WARN_OBJC_LITERAL_CONVERSION = YES;
				CLANG_WARN_OBJC_ROOT_CLASS = YES_ERROR;
				CLANG_WARN_QUOTED_INCLUDE_IN_FRAMEWORK_HEADER = YES;
				CLANG_WARN_RANGE_LOOP_ANALYSIS = YES;
				CLANG_WARN_STRICT_PROTOTYPES = YES;
				CLANG_WARN_SUSPICIOUS_MOVE = YES;
				CLANG_WARN_UNGUARDED_AVAILABILITY = YES_AGGRESSIVE;
				CLANG_WARN_UNREACHABLE_CODE = YES;
				CLANG_WARN__DUPLICATE_METHOD_MATCH = YES;
				COPY_PHASE_STRIP = NO;
				DEBUG_INFORMATION_FORMAT = "dwarf-with-dsym";
				ENABLE_NS_ASSERTIONS = NO;
				ENABLE_STRICT_OBJC_MSGSEND = YES;
				GCC_C_LANGUAGE_STANDARD = gnu11;
				GCC_NO_COMMON_BLOCKS = YES;
				GCC_WARN_64_TO_32_BIT_CONVERSION = YES;
				GCC_WARN_ABOUT_RETURN_TYPE = YES_ERROR;
				GCC_WARN_UNDECLARED_SELECTOR = YES;
				GCC_WARN_UNINITIALIZED_AUTOS = YES_AGGRESSIVE;
				GCC_WARN_UNUSED_FUNCTION = YES;
				GCC_WARN_UNUSED_VARIABLE = YES;
				IPHONEOS_DEPLOYMENT_TARGET = 16.4;
				MTL_ENABLE_DEBUG_INFO = NO;
				MTL_FAST_MATH = YES;
				SDKROOT = iphoneos;
				SWIFT_COMPILATION_MODE = wholemodule;
				SWIFT_OPTIMIZATION_LEVEL = "-O";
				VALIDATE_PRODUCT = YES;
			};
			name = Release;
		};
		4BC2C53C2A3A020300CC6D67 /* Debug */ = {
			isa = XCBuildConfiguration;
			buildSettings = {
				ASSETCATALOG_COMPILER_APPICON_NAME = AppIcon;
				ASSETCATALOG_COMPILER_GLOBAL_ACCENT_COLOR_NAME = AccentColor;
				CODE_SIGN_STYLE = Automatic;
				CURRENT_PROJECT_VERSION = 1;
				DEVELOPMENT_TEAM = 6KY65WY559;
				GENERATE_INFOPLIST_FILE = YES;
				INFOPLIST_FILE = App14/Info.plist;
				INFOPLIST_KEY_UIApplicationSupportsIndirectInputEvents = YES;
				INFOPLIST_KEY_UILaunchStoryboardName = LaunchScreen;
				INFOPLIST_KEY_UIMainStoryboardFile = Main;
				INFOPLIST_KEY_UISupportedInterfaceOrientations_iPad = "UIInterfaceOrientationPortrait UIInterfaceOrientationPortraitUpsideDown UIInterfaceOrientationLandscapeLeft UIInterfaceOrientationLandscapeRight";
				INFOPLIST_KEY_UISupportedInterfaceOrientations_iPhone = "UIInterfaceOrientationPortrait UIInterfaceOrientationLandscapeLeft UIInterfaceOrientationLandscapeRight";
				LD_RUNPATH_SEARCH_PATHS = (
					"$(inherited)",
					"@executable_path/Frameworks",
				);
				MARKETING_VERSION = 1.0;
				PRODUCT_BUNDLE_IDENTIFIER = space.sakibnm.App14;
				PRODUCT_NAME = "$(TARGET_NAME)";
				SWIFT_EMIT_LOC_STRINGS = YES;
				SWIFT_VERSION = 5.0;
				TARGETED_DEVICE_FAMILY = "1,2";
			};
			name = Debug;
		};
		4BC2C53D2A3A020300CC6D67 /* Release */ = {
			isa = XCBuildConfiguration;
			buildSettings = {
				ASSETCATALOG_COMPILER_APPICON_NAME = AppIcon;
				ASSETCATALOG_COMPILER_GLOBAL_ACCENT_COLOR_NAME = AccentColor;
				CODE_SIGN_STYLE = Automatic;
				CURRENT_PROJECT_VERSION = 1;
				DEVELOPMENT_TEAM = 6KY65WY559;
				GENERATE_INFOPLIST_FILE = YES;
				INFOPLIST_FILE = App14/Info.plist;
				INFOPLIST_KEY_UIApplicationSupportsIndirectInputEvents = YES;
				INFOPLIST_KEY_UILaunchStoryboardName = LaunchScreen;
				INFOPLIST_KEY_UIMainStoryboardFile = Main;
				INFOPLIST_KEY_UISupportedInterfaceOrientations_iPad = "UIInterfaceOrientationPortrait UIInterfaceOrientationPortraitUpsideDown UIInterfaceOrientationLandscapeLeft UIInterfaceOrientationLandscapeRight";
				INFOPLIST_KEY_UISupportedInterfaceOrientations_iPhone = "UIInterfaceOrientationPortrait UIInterfaceOrientationLandscapeLeft UIInterfaceOrientationLandscapeRight";
				LD_RUNPATH_SEARCH_PATHS = (
					"$(inherited)",
					"@executable_path/Frameworks",
				);
				MARKETING_VERSION = 1.0;
				PRODUCT_BUNDLE_IDENTIFIER = space.sakibnm.App14;
				PRODUCT_NAME = "$(TARGET_NAME)";
				SWIFT_EMIT_LOC_STRINGS = YES;
				SWIFT_VERSION = 5.0;
				TARGETED_DEVICE_FAMILY = "1,2";
			};
			name = Release;
		};
/* End XCBuildConfiguration section */

/* Begin XCConfigurationList section */
		4BC2C5222A3A020200CC6D67 /* Build configuration list for PBXProject "App14" */ = {
			isa = XCConfigurationList;
			buildConfigurations = (
				4BC2C5392A3A020300CC6D67 /* Debug */,
				4BC2C53A2A3A020300CC6D67 /* Release */,
			);
			defaultConfigurationIsVisible = 0;
			defaultConfigurationName = Release;
		};
		4BC2C53B2A3A020300CC6D67 /* Build configuration list for PBXNativeTarget "App14" */ = {
			isa = XCConfigurationList;
			buildConfigurations = (
				4BC2C53C2A3A020300CC6D67 /* Debug */,
				4BC2C53D2A3A020300CC6D67 /* Release */,
			);
			defaultConfigurationIsVisible = 0;
			defaultConfigurationName = Release;
		};
/* End XCConfigurationList section */
	};
	rootObject = 4BC2C51F2A3A020200CC6D67 /* Project object */;
}
